PODS:
  - AudioKit (4.3):
    - AudioKit/UI (= 4.3)
  - AudioKit/UI (4.3)
  - SwiftyStoreKit (0.13.2)

DEPENDENCIES:
  - AudioKit (~> 4.3)
  - SwiftyStoreKit

SPEC REPOS:
  https://github.com/CocoaPods/Specs.git:
    - AudioKit
    - SwiftyStoreKit

SPEC CHECKSUMS:
  AudioKit: 95bd2427c1afa7954d71b0c6195a09b87b7448bc
  SwiftyStoreKit: b7563505440a68c9d9fa70bc43d8a97015519409

PODFILE CHECKSUM: 56419213f878b24b9df2782ea5bf2b893c122bd2

COCOAPODS: 1.5.0
