PODS:
  - AudioKit (4.5.6):
    - AudioKit/Core (= 4.5.6)
    - AudioKit/UI (= 4.5.6)
  - AudioKit/Core (4.5.6)
  - AudioKit/UI (4.5.6):
    - AudioKit/Core
  - SwiftyStoreKit (0.14.2)

DEPENDENCIES:
  - AudioKit (~> 4.3)
  - SwiftyStoreKit

SPEC REPOS:
  https://github.com/CocoaPods/Specs.git:
    - AudioKit
    - SwiftyStoreKit

SPEC CHECKSUMS:
  AudioKit: 84f5a444902a74ac32cfe8488e72782792ff2edc
  SwiftyStoreKit: cc399645796b094022fb650c148a0aed25995873

PODFILE CHECKSUM: 56419213f878b24b9df2782ea5bf2b893c122bd2

COCOAPODS: 1.5.0
