// !$*UTF8*$!
{
	archiveVersion = 1;
	classes = {
	};
	objectVersion = 48;
	objects = {

/* Begin PBXBuildFile section */
		202CCD16C4B2452137A9179A /* Pods_CallusLogicMobile.framework in Frameworks */ = {isa = PBXBuildFile; fileRef = 4BC523138FBAB60FD1914000 /* Pods_CallusLogicMobile.framework */; };
		B5053B6E20827F5A00BCF559 /* FretboardValues.swift in Sources */ = {isa = PBXBuildFile; fileRef = B5053B6D20827F5A00BCF559 /* FretboardValues.swift */; };
		B5124F20206AC47600E2F814 /* ChordShapeModel.swift in Sources */ = {isa = PBXBuildFile; fileRef = B5124F1F206AC47600E2F814 /* ChordShapeModel.swift */; };
		B5196C9320324101005A018E /* NoteFrequencies.swift in Sources */ = {isa = PBXBuildFile; fileRef = B5196C9220324101005A018E /* NoteFrequencies.swift */; };
		B52A97B42064538A00E056C3 /* HeaderView.swift in Sources */ = {isa = PBXBuildFile; fileRef = B52A97B32064538A00E056C3 /* HeaderView.swift */; };
		B52DD180204E127A00C7D9B3 /* FBCollectionModel.swift in Sources */ = {isa = PBXBuildFile; fileRef = B52DD17F204E127A00C7D9B3 /* FBCollectionModel.swift */; };
		B53147202030BEF30022AAC5 /* SixTones.swift in Sources */ = {isa = PBXBuildFile; fileRef = B531471F2030BEF30022AAC5 /* SixTones.swift */; };
		B536C3631FDF855300FD886E /* AppDelegate.swift in Sources */ = {isa = PBXBuildFile; fileRef = B536C3621FDF855300FD886E /* AppDelegate.swift */; };
		B536C3651FDF855300FD886E /* FBViewController.swift in Sources */ = {isa = PBXBuildFile; fileRef = B536C3641FDF855300FD886E /* FBViewController.swift */; };
		B536C3681FDF855300FD886E /* Main.storyboard in Resources */ = {isa = PBXBuildFile; fileRef = B536C3661FDF855300FD886E /* Main.storyboard */; };
		B536C36A1FDF855300FD886E /* Assets.xcassets in Resources */ = {isa = PBXBuildFile; fileRef = B536C3691FDF855300FD886E /* Assets.xcassets */; };
		B536C36D1FDF855300FD886E /* LaunchScreen.storyboard in Resources */ = {isa = PBXBuildFile; fileRef = B536C36B1FDF855300FD886E /* LaunchScreen.storyboard */; };
		B536C3781FDF855300FD886E /* CallusLogicMobileTests.swift in Sources */ = {isa = PBXBuildFile; fileRef = B536C3771FDF855300FD886E /* CallusLogicMobileTests.swift */; };
		B536C3831FDF855300FD886E /* CallusLogicMobileUITests.swift in Sources */ = {isa = PBXBuildFile; fileRef = B536C3821FDF855300FD886E /* CallusLogicMobileUITests.swift */; };
		B536C3911FDF86A800FD886E /* FretboardView.swift in Sources */ = {isa = PBXBuildFile; fileRef = B536C3901FDF86A700FD886E /* FretboardView.swift */; };
		B53F7F9F2075B52E0061E05B /* DetectConnection.swift in Sources */ = {isa = PBXBuildFile; fileRef = B53F7F9E2075B52E0061E05B /* DetectConnection.swift */; };
		B5488B3F207677E60069479E /* ProductStore.swift in Sources */ = {isa = PBXBuildFile; fileRef = B5488B3E207677E60069479E /* ProductStore.swift */; };
		B54AFAFF204F3F7E00E8267B /* ScalesTVC.swift in Sources */ = {isa = PBXBuildFile; fileRef = B54AFAFE204F3F7D00E8267B /* ScalesTVC.swift */; };
		B552894B2061869800A27290 /* CollectionsTVC.swift in Sources */ = {isa = PBXBuildFile; fileRef = B552894A2061869800A27290 /* CollectionsTVC.swift */; };
		B552894F2061BE7C00A27290 /* headerView.xib in Resources */ = {isa = PBXBuildFile; fileRef = B552894E2061BE7C00A27290 /* headerView.xib */; };
		B55D51F61FE1EE8F00CB5F11 /* Scale.swift in Sources */ = {isa = PBXBuildFile; fileRef = B55D51F31FE1EE8E00CB5F11 /* Scale.swift */; };
		B55D51F71FE1EE8F00CB5F11 /* ScalesByIntervals.swift in Sources */ = {isa = PBXBuildFile; fileRef = B55D51F41FE1EE8E00CB5F11 /* ScalesByIntervals.swift */; };
		B55D51F81FE1EE8F00CB5F11 /* RootToIntervalNotes.swift in Sources */ = {isa = PBXBuildFile; fileRef = B55D51F51FE1EE8F00CB5F11 /* RootToIntervalNotes.swift */; };
		B55D51FB1FE1FBF800CB5F11 /* NoteView.swift in Sources */ = {isa = PBXBuildFile; fileRef = B55D51FA1FE1FBF800CB5F11 /* NoteView.swift */; };
		B56EF3F92069636B000AAAAD /* ChordCreator.swift in Sources */ = {isa = PBXBuildFile; fileRef = B56EF3F82069636B000AAAAD /* ChordCreator.swift */; };
		B5786ED51FE324DE00174544 /* NSString+drawing.swift in Sources */ = {isa = PBXBuildFile; fileRef = B5786ED31FE324DE00174544 /* NSString+drawing.swift */; };
		B5786ED61FE324DE00174544 /* ToneArraysCreator.swift in Sources */ = {isa = PBXBuildFile; fileRef = B5786ED41FE324DE00174544 /* ToneArraysCreator.swift */; };
		B5786ED91FE32D3D00174544 /* FretboardModel.swift in Sources */ = {isa = PBXBuildFile; fileRef = B5786ED71FE32D3D00174544 /* FretboardModel.swift */; };
		B5786EDA1FE32D3D00174544 /* NoteModel.swift in Sources */ = {isa = PBXBuildFile; fileRef = B5786ED81FE32D3D00174544 /* NoteModel.swift */; };
		B57E51EE206D688300615DD6 /* BasicChordFormulas.swift in Sources */ = {isa = PBXBuildFile; fileRef = B57E51ED206D688300615DD6 /* BasicChordFormulas.swift */; };
		B57E51F0206D6A3900615DD6 /* BasicChordModel.swift in Sources */ = {isa = PBXBuildFile; fileRef = B57E51EF206D6A3900615DD6 /* BasicChordModel.swift */; };
		B5956CDA2065930C00B658A5 /* ChordFormulas.swift in Sources */ = {isa = PBXBuildFile; fileRef = B5956CD92065930C00B658A5 /* ChordFormulas.swift */; };
		B59A8D272073E60A00223FC8 /* RootScaleAndDisplaySelections.swift in Sources */ = {isa = PBXBuildFile; fileRef = B59A8D262073E60A00223FC8 /* RootScaleAndDisplaySelections.swift */; };
		B5C4CDF12050D31F0006B560 /* FBCollectionStore.swift in Sources */ = {isa = PBXBuildFile; fileRef = B5C4CDF02050D31F0006B560 /* FBCollectionStore.swift */; };
		B5C8172C2048911900C95F26 /* DisplayMode.swift in Sources */ = {isa = PBXBuildFile; fileRef = B5C8172B2048911900C95F26 /* DisplayMode.swift */; };
		B5E95BC32075406D0017A205 /* StoreKit.framework in Frameworks */ = {isa = PBXBuildFile; fileRef = B5E95BC22075406D0017A205 /* StoreKit.framework */; };
		B5E95BC5207564C50017A205 /* UnlockProViewController.swift in Sources */ = {isa = PBXBuildFile; fileRef = B5E95BC4207564C50017A205 /* UnlockProViewController.swift */; };
		B5EDA618203F598A0012DC79 /* ColorSelectorTVC.swift in Sources */ = {isa = PBXBuildFile; fileRef = B5EDA617203F598A0012DC79 /* ColorSelectorTVC.swift */; };
/* End PBXBuildFile section */

/* Begin PBXContainerItemProxy section */
		B536C3741FDF855300FD886E /* PBXContainerItemProxy */ = {
			isa = PBXContainerItemProxy;
			containerPortal = B536C3571FDF855300FD886E /* Project object */;
			proxyType = 1;
			remoteGlobalIDString = B536C35E1FDF855300FD886E;
			remoteInfo = CallusLogicMobile;
		};
		B536C37F1FDF855300FD886E /* PBXContainerItemProxy */ = {
			isa = PBXContainerItemProxy;
			containerPortal = B536C3571FDF855300FD886E /* Project object */;
			proxyType = 1;
			remoteGlobalIDString = B536C35E1FDF855300FD886E;
			remoteInfo = CallusLogicMobile;
		};
/* End PBXContainerItemProxy section */

/* Begin PBXFileReference section */
		18EA96A61000533821DEB2CC /* Pods-CallusLogicMobile.release.xcconfig */ = {isa = PBXFileReference; includeInIndex = 1; lastKnownFileType = text.xcconfig; name = "Pods-CallusLogicMobile.release.xcconfig"; path = "Pods/Target Support Files/Pods-CallusLogicMobile/Pods-CallusLogicMobile.release.xcconfig"; sourceTree = "<group>"; };
		2F4694AA6851A91015C6301D /* Pods-CallusLogicMobile.debug.xcconfig */ = {isa = PBXFileReference; includeInIndex = 1; lastKnownFileType = text.xcconfig; name = "Pods-CallusLogicMobile.debug.xcconfig"; path = "Pods/Target Support Files/Pods-CallusLogicMobile/Pods-CallusLogicMobile.debug.xcconfig"; sourceTree = "<group>"; };
		4BC523138FBAB60FD1914000 /* Pods_CallusLogicMobile.framework */ = {isa = PBXFileReference; explicitFileType = wrapper.framework; includeInIndex = 0; path = Pods_CallusLogicMobile.framework; sourceTree = BUILT_PRODUCTS_DIR; };
		B5053B6D20827F5A00BCF559 /* FretboardValues.swift */ = {isa = PBXFileReference; lastKnownFileType = sourcecode.swift; path = FretboardValues.swift; sourceTree = "<group>"; };
		B5124F1F206AC47600E2F814 /* ChordShapeModel.swift */ = {isa = PBXFileReference; lastKnownFileType = sourcecode.swift; path = ChordShapeModel.swift; sourceTree = "<group>"; };
		B5196C9220324101005A018E /* NoteFrequencies.swift */ = {isa = PBXFileReference; lastKnownFileType = sourcecode.swift; path = NoteFrequencies.swift; sourceTree = "<group>"; };
		B52A97B32064538A00E056C3 /* HeaderView.swift */ = {isa = PBXFileReference; lastKnownFileType = sourcecode.swift; path = HeaderView.swift; sourceTree = "<group>"; };
		B52DD17F204E127A00C7D9B3 /* FBCollectionModel.swift */ = {isa = PBXFileReference; lastKnownFileType = sourcecode.swift; path = FBCollectionModel.swift; sourceTree = "<group>"; };
		B531471F2030BEF30022AAC5 /* SixTones.swift */ = {isa = PBXFileReference; lastKnownFileType = sourcecode.swift; path = SixTones.swift; sourceTree = "<group>"; };
		B536C35F1FDF855300FD886E /* CallusLogicMobile.app */ = {isa = PBXFileReference; explicitFileType = wrapper.application; includeInIndex = 0; path = CallusLogicMobile.app; sourceTree = BUILT_PRODUCTS_DIR; };
		B536C3621FDF855300FD886E /* AppDelegate.swift */ = {isa = PBXFileReference; lastKnownFileType = sourcecode.swift; path = AppDelegate.swift; sourceTree = "<group>"; };
		B536C3641FDF855300FD886E /* FBViewController.swift */ = {isa = PBXFileReference; lastKnownFileType = sourcecode.swift; path = FBViewController.swift; sourceTree = "<group>"; };
		B536C3671FDF855300FD886E /* Base */ = {isa = PBXFileReference; lastKnownFileType = file.storyboard; name = Base; path = Base.lproj/Main.storyboard; sourceTree = "<group>"; };
		B536C3691FDF855300FD886E /* Assets.xcassets */ = {isa = PBXFileReference; lastKnownFileType = folder.assetcatalog; path = Assets.xcassets; sourceTree = "<group>"; };
		B536C36C1FDF855300FD886E /* Base */ = {isa = PBXFileReference; lastKnownFileType = file.storyboard; name = Base; path = Base.lproj/LaunchScreen.storyboard; sourceTree = "<group>"; };
		B536C36E1FDF855300FD886E /* Info.plist */ = {isa = PBXFileReference; lastKnownFileType = text.plist.xml; path = Info.plist; sourceTree = "<group>"; };
		B536C3731FDF855300FD886E /* CallusLogicMobileTests.xctest */ = {isa = PBXFileReference; explicitFileType = wrapper.cfbundle; includeInIndex = 0; path = CallusLogicMobileTests.xctest; sourceTree = BUILT_PRODUCTS_DIR; };
		B536C3771FDF855300FD886E /* CallusLogicMobileTests.swift */ = {isa = PBXFileReference; lastKnownFileType = sourcecode.swift; path = CallusLogicMobileTests.swift; sourceTree = "<group>"; };
		B536C3791FDF855300FD886E /* Info.plist */ = {isa = PBXFileReference; lastKnownFileType = text.plist.xml; path = Info.plist; sourceTree = "<group>"; };
		B536C37E1FDF855300FD886E /* CallusLogicMobileUITests.xctest */ = {isa = PBXFileReference; explicitFileType = wrapper.cfbundle; includeInIndex = 0; path = CallusLogicMobileUITests.xctest; sourceTree = BUILT_PRODUCTS_DIR; };
		B536C3821FDF855300FD886E /* CallusLogicMobileUITests.swift */ = {isa = PBXFileReference; lastKnownFileType = sourcecode.swift; path = CallusLogicMobileUITests.swift; sourceTree = "<group>"; };
		B536C3841FDF855300FD886E /* Info.plist */ = {isa = PBXFileReference; lastKnownFileType = text.plist.xml; path = Info.plist; sourceTree = "<group>"; };
		B536C3901FDF86A700FD886E /* FretboardView.swift */ = {isa = PBXFileReference; lastKnownFileType = sourcecode.swift; path = FretboardView.swift; sourceTree = "<group>"; };
		B53F7F9E2075B52E0061E05B /* DetectConnection.swift */ = {isa = PBXFileReference; lastKnownFileType = sourcecode.swift; path = DetectConnection.swift; sourceTree = "<group>"; };
		B5488B3E207677E60069479E /* ProductStore.swift */ = {isa = PBXFileReference; lastKnownFileType = sourcecode.swift; path = ProductStore.swift; sourceTree = "<group>"; };
		B54AFAFE204F3F7D00E8267B /* ScalesTVC.swift */ = {isa = PBXFileReference; fileEncoding = 4; lastKnownFileType = sourcecode.swift; path = ScalesTVC.swift; sourceTree = "<group>"; };
		B552894A2061869800A27290 /* CollectionsTVC.swift */ = {isa = PBXFileReference; lastKnownFileType = sourcecode.swift; path = CollectionsTVC.swift; sourceTree = "<group>"; };
		B552894E2061BE7C00A27290 /* headerView.xib */ = {isa = PBXFileReference; lastKnownFileType = file.xib; path = headerView.xib; sourceTree = "<group>"; };
		B55D51F31FE1EE8E00CB5F11 /* Scale.swift */ = {isa = PBXFileReference; fileEncoding = 4; lastKnownFileType = sourcecode.swift; path = Scale.swift; sourceTree = "<group>"; };
		B55D51F41FE1EE8E00CB5F11 /* ScalesByIntervals.swift */ = {isa = PBXFileReference; fileEncoding = 4; lastKnownFileType = sourcecode.swift; path = ScalesByIntervals.swift; sourceTree = "<group>"; };
		B55D51F51FE1EE8F00CB5F11 /* RootToIntervalNotes.swift */ = {isa = PBXFileReference; fileEncoding = 4; lastKnownFileType = sourcecode.swift; path = RootToIntervalNotes.swift; sourceTree = "<group>"; };
		B55D51FA1FE1FBF800CB5F11 /* NoteView.swift */ = {isa = PBXFileReference; lastKnownFileType = sourcecode.swift; path = NoteView.swift; sourceTree = "<group>"; };
		B56EF3F82069636B000AAAAD /* ChordCreator.swift */ = {isa = PBXFileReference; lastKnownFileType = sourcecode.swift; path = ChordCreator.swift; sourceTree = "<group>"; };
		B5786ED31FE324DE00174544 /* NSString+drawing.swift */ = {isa = PBXFileReference; fileEncoding = 4; lastKnownFileType = sourcecode.swift; path = "NSString+drawing.swift"; sourceTree = "<group>"; };
		B5786ED41FE324DE00174544 /* ToneArraysCreator.swift */ = {isa = PBXFileReference; fileEncoding = 4; lastKnownFileType = sourcecode.swift; path = ToneArraysCreator.swift; sourceTree = "<group>"; };
		B5786ED71FE32D3D00174544 /* FretboardModel.swift */ = {isa = PBXFileReference; fileEncoding = 4; lastKnownFileType = sourcecode.swift; path = FretboardModel.swift; sourceTree = "<group>"; };
		B5786ED81FE32D3D00174544 /* NoteModel.swift */ = {isa = PBXFileReference; fileEncoding = 4; lastKnownFileType = sourcecode.swift; path = NoteModel.swift; sourceTree = "<group>"; };
		B57E51ED206D688300615DD6 /* BasicChordFormulas.swift */ = {isa = PBXFileReference; lastKnownFileType = sourcecode.swift; path = BasicChordFormulas.swift; sourceTree = "<group>"; };
		B57E51EF206D6A3900615DD6 /* BasicChordModel.swift */ = {isa = PBXFileReference; lastKnownFileType = sourcecode.swift; path = BasicChordModel.swift; sourceTree = "<group>"; };
		B5956CD92065930C00B658A5 /* ChordFormulas.swift */ = {isa = PBXFileReference; lastKnownFileType = sourcecode.swift; path = ChordFormulas.swift; sourceTree = "<group>"; };
		B59A8D262073E60A00223FC8 /* RootScaleAndDisplaySelections.swift */ = {isa = PBXFileReference; lastKnownFileType = sourcecode.swift; path = RootScaleAndDisplaySelections.swift; sourceTree = "<group>"; };
		B5C4CDF02050D31F0006B560 /* FBCollectionStore.swift */ = {isa = PBXFileReference; lastKnownFileType = sourcecode.swift; path = FBCollectionStore.swift; sourceTree = "<group>"; };
		B5C8172B2048911900C95F26 /* DisplayMode.swift */ = {isa = PBXFileReference; lastKnownFileType = sourcecode.swift; path = DisplayMode.swift; sourceTree = "<group>"; };
		B5E95BC22075406D0017A205 /* StoreKit.framework */ = {isa = PBXFileReference; lastKnownFileType = wrapper.framework; name = StoreKit.framework; path = System/Library/Frameworks/StoreKit.framework; sourceTree = SDKROOT; };
		B5E95BC4207564C50017A205 /* UnlockProViewController.swift */ = {isa = PBXFileReference; lastKnownFileType = sourcecode.swift; path = UnlockProViewController.swift; sourceTree = "<group>"; };
		B5EDA617203F598A0012DC79 /* ColorSelectorTVC.swift */ = {isa = PBXFileReference; lastKnownFileType = sourcecode.swift; path = ColorSelectorTVC.swift; sourceTree = "<group>"; };
/* End PBXFileReference section */

/* Begin PBXFrameworksBuildPhase section */
		B536C35C1FDF855300FD886E /* Frameworks */ = {
			isa = PBXFrameworksBuildPhase;
			buildActionMask = 2147483647;
			files = (
				B5E95BC32075406D0017A205 /* StoreKit.framework in Frameworks */,
				202CCD16C4B2452137A9179A /* Pods_CallusLogicMobile.framework in Frameworks */,
			);
			runOnlyForDeploymentPostprocessing = 0;
		};
		B536C3701FDF855300FD886E /* Frameworks */ = {
			isa = PBXFrameworksBuildPhase;
			buildActionMask = 2147483647;
			files = (
			);
			runOnlyForDeploymentPostprocessing = 0;
		};
		B536C37B1FDF855300FD886E /* Frameworks */ = {
			isa = PBXFrameworksBuildPhase;
			buildActionMask = 2147483647;
			files = (
			);
			runOnlyForDeploymentPostprocessing = 0;
		};
/* End PBXFrameworksBuildPhase section */

/* Begin PBXGroup section */
		58C0E53077E4A7DC92E1A088 /* Pods */ = {
			isa = PBXGroup;
			children = (
				2F4694AA6851A91015C6301D /* Pods-CallusLogicMobile.debug.xcconfig */,
				18EA96A61000533821DEB2CC /* Pods-CallusLogicMobile.release.xcconfig */,
			);
			name = Pods;
			sourceTree = "<group>";
		};
		6FD99C3DB99627BC35882759 /* Frameworks */ = {
			isa = PBXGroup;
			children = (
				B5E95BC22075406D0017A205 /* StoreKit.framework */,
				4BC523138FBAB60FD1914000 /* Pods_CallusLogicMobile.framework */,
			);
			name = Frameworks;
			sourceTree = "<group>";
		};
		B5053B6C20827EA800BCF559 /* Enums */ = {
			isa = PBXGroup;
			children = (
				B5C8172B2048911900C95F26 /* DisplayMode.swift */,
				B5053B6D20827F5A00BCF559 /* FretboardValues.swift */,
			);
			path = Enums;
			sourceTree = "<group>";
		};
		B524E2B52054814800219C5A /* Extensions */ = {
			isa = PBXGroup;
			children = (
				B5786ED31FE324DE00174544 /* NSString+drawing.swift */,
				B53F7F9E2075B52E0061E05B /* DetectConnection.swift */,
			);
			path = Extensions;
			sourceTree = "<group>";
		};
		B52DD17C204E097F00C7D9B3 /* TVCs */ = {
			isa = PBXGroup;
			children = (
				B5EDA617203F598A0012DC79 /* ColorSelectorTVC.swift */,
				B54AFAFE204F3F7D00E8267B /* ScalesTVC.swift */,
				B552894A2061869800A27290 /* CollectionsTVC.swift */,
				B552894E2061BE7C00A27290 /* headerView.xib */,
				B52A97B32064538A00E056C3 /* HeaderView.swift */,
			);
			path = TVCs;
			sourceTree = "<group>";
		};
		B536C3561FDF855300FD886E = {
			isa = PBXGroup;
			children = (
				B536C3611FDF855300FD886E /* CallusLogicMobile */,
				B536C3761FDF855300FD886E /* CallusLogicMobileTests */,
				B536C3811FDF855300FD886E /* CallusLogicMobileUITests */,
				B536C3601FDF855300FD886E /* Products */,
				6FD99C3DB99627BC35882759 /* Frameworks */,
				58C0E53077E4A7DC92E1A088 /* Pods */,
			);
			sourceTree = "<group>";
		};
		B536C3601FDF855300FD886E /* Products */ = {
			isa = PBXGroup;
			children = (
				B536C35F1FDF855300FD886E /* CallusLogicMobile.app */,
				B536C3731FDF855300FD886E /* CallusLogicMobileTests.xctest */,
				B536C37E1FDF855300FD886E /* CallusLogicMobileUITests.xctest */,
			);
			name = Products;
			sourceTree = "<group>";
		};
		B536C3611FDF855300FD886E /* CallusLogicMobile */ = {
			isa = PBXGroup;
			children = (
				B536C3621FDF855300FD886E /* AppDelegate.swift */,
				B536C3691FDF855300FD886E /* Assets.xcassets */,
				B536C36E1FDF855300FD886E /* Info.plist */,
				B524E2B52054814800219C5A /* Extensions */,
				B536C3661FDF855300FD886E /* Main.storyboard */,
				B536C36B1FDF855300FD886E /* LaunchScreen.storyboard */,
				B5053B6C20827EA800BCF559 /* Enums */,
				B5C4CDF32050D68D0006B560 /* Data */,
				B57926E22034C4D500272C74 /* ViewControllers */,
				B52DD17C204E097F00C7D9B3 /* TVCs */,
				B55D51F91FE1F22600CB5F11 /* Models */,
				B55D51FD1FE1FC1800CB5F11 /* Views */,
			);
			path = CallusLogicMobile;
			sourceTree = "<group>";
		};
		B536C3761FDF855300FD886E /* CallusLogicMobileTests */ = {
			isa = PBXGroup;
			children = (
				B536C3771FDF855300FD886E /* CallusLogicMobileTests.swift */,
				B536C3791FDF855300FD886E /* Info.plist */,
			);
			path = CallusLogicMobileTests;
			sourceTree = "<group>";
		};
		B536C3811FDF855300FD886E /* CallusLogicMobileUITests */ = {
			isa = PBXGroup;
			children = (
				B536C3821FDF855300FD886E /* CallusLogicMobileUITests.swift */,
				B536C3841FDF855300FD886E /* Info.plist */,
			);
			path = CallusLogicMobileUITests;
			sourceTree = "<group>";
		};
		B542E6CE2070675300EE0BE2 /* Chord_Formulas_and_Models */ = {
			isa = PBXGroup;
			children = (
				B5956CD92065930C00B658A5 /* ChordFormulas.swift */,
				B5124F1F206AC47600E2F814 /* ChordShapeModel.swift */,
				B56EF3F82069636B000AAAAD /* ChordCreator.swift */,
				B57E51ED206D688300615DD6 /* BasicChordFormulas.swift */,
				B57E51EF206D6A3900615DD6 /* BasicChordModel.swift */,
			);
			path = Chord_Formulas_and_Models;
			sourceTree = "<group>";
		};
		B55D51F91FE1F22600CB5F11 /* Models */ = {
			isa = PBXGroup;
			children = (
				B52DD17F204E127A00C7D9B3 /* FBCollectionModel.swift */,
				B5786ED71FE32D3D00174544 /* FretboardModel.swift */,
				B5786ED81FE32D3D00174544 /* NoteModel.swift */,
				B5786ED41FE324DE00174544 /* ToneArraysCreator.swift */,
				B55D51F51FE1EE8F00CB5F11 /* RootToIntervalNotes.swift */,
				B55D51F41FE1EE8E00CB5F11 /* ScalesByIntervals.swift */,
				B55D51F31FE1EE8E00CB5F11 /* Scale.swift */,
				B5196C9220324101005A018E /* NoteFrequencies.swift */,
				B531471F2030BEF30022AAC5 /* SixTones.swift */,
				B542E6CE2070675300EE0BE2 /* Chord_Formulas_and_Models */,
				B59A8D262073E60A00223FC8 /* RootScaleAndDisplaySelections.swift */,
			);
			path = Models;
			sourceTree = "<group>";
		};
		B55D51FD1FE1FC1800CB5F11 /* Views */ = {
			isa = PBXGroup;
			children = (
				B55D51FA1FE1FBF800CB5F11 /* NoteView.swift */,
				B536C3901FDF86A700FD886E /* FretboardView.swift */,
			);
			path = Views;
			sourceTree = "<group>";
		};
		B57926E22034C4D500272C74 /* ViewControllers */ = {
			isa = PBXGroup;
			children = (
				B536C3641FDF855300FD886E /* FBViewController.swift */,
				B5E95BC4207564C50017A205 /* UnlockProViewController.swift */,
				B5488B3E207677E60069479E /* ProductStore.swift */,
			);
			path = ViewControllers;
			sourceTree = "<group>";
		};
		B5C4CDF32050D68D0006B560 /* Data */ = {
			isa = PBXGroup;
			children = (
				B5C4CDF02050D31F0006B560 /* FBCollectionStore.swift */,
			);
			path = Data;
			sourceTree = "<group>";
		};
/* End PBXGroup section */

/* Begin PBXNativeTarget section */
		B536C35E1FDF855300FD886E /* CallusLogicMobile */ = {
			isa = PBXNativeTarget;
			buildConfigurationList = B536C3871FDF855300FD886E /* Build configuration list for PBXNativeTarget "CallusLogicMobile" */;
			buildPhases = (
				9AD740D75730EDE0BBC54AF2 /* [CP] Check Pods Manifest.lock */,
				B536C35B1FDF855300FD886E /* Sources */,
				B536C35C1FDF855300FD886E /* Frameworks */,
				B536C35D1FDF855300FD886E /* Resources */,
				AE440C16640C07DC03EDD7A1 /* [CP] Embed Pods Frameworks */,
			);
			buildRules = (
			);
			dependencies = (
			);
			name = CallusLogicMobile;
			productName = CallusLogicMobile;
			productReference = B536C35F1FDF855300FD886E /* CallusLogicMobile.app */;
			productType = "com.apple.product-type.application";
		};
		B536C3721FDF855300FD886E /* CallusLogicMobileTests */ = {
			isa = PBXNativeTarget;
			buildConfigurationList = B536C38A1FDF855300FD886E /* Build configuration list for PBXNativeTarget "CallusLogicMobileTests" */;
			buildPhases = (
				B536C36F1FDF855300FD886E /* Sources */,
				B536C3701FDF855300FD886E /* Frameworks */,
				B536C3711FDF855300FD886E /* Resources */,
			);
			buildRules = (
			);
			dependencies = (
				B536C3751FDF855300FD886E /* PBXTargetDependency */,
			);
			name = CallusLogicMobileTests;
			productName = CallusLogicMobileTests;
			productReference = B536C3731FDF855300FD886E /* CallusLogicMobileTests.xctest */;
			productType = "com.apple.product-type.bundle.unit-test";
		};
		B536C37D1FDF855300FD886E /* CallusLogicMobileUITests */ = {
			isa = PBXNativeTarget;
			buildConfigurationList = B536C38D1FDF855300FD886E /* Build configuration list for PBXNativeTarget "CallusLogicMobileUITests" */;
			buildPhases = (
				B536C37A1FDF855300FD886E /* Sources */,
				B536C37B1FDF855300FD886E /* Frameworks */,
				B536C37C1FDF855300FD886E /* Resources */,
			);
			buildRules = (
			);
			dependencies = (
				B536C3801FDF855300FD886E /* PBXTargetDependency */,
			);
			name = CallusLogicMobileUITests;
			productName = CallusLogicMobileUITests;
			productReference = B536C37E1FDF855300FD886E /* CallusLogicMobileUITests.xctest */;
			productType = "com.apple.product-type.bundle.ui-testing";
		};
/* End PBXNativeTarget section */

/* Begin PBXProject section */
		B536C3571FDF855300FD886E /* Project object */ = {
			isa = PBXProject;
			attributes = {
				LastSwiftUpdateCheck = 0920;
				LastUpgradeCheck = 0930;
				ORGANIZATIONNAME = Gire;
				TargetAttributes = {
					B536C35E1FDF855300FD886E = {
						CreatedOnToolsVersion = 9.2;
						LastSwiftMigration = 1010;
						ProvisioningStyle = Automatic;
						SystemCapabilities = {
							com.apple.InAppPurchase = {
								enabled = 1;
							};
						};
					};
					B536C3721FDF855300FD886E = {
						CreatedOnToolsVersion = 9.2;
						ProvisioningStyle = Automatic;
						TestTargetID = B536C35E1FDF855300FD886E;
					};
					B536C37D1FDF855300FD886E = {
						CreatedOnToolsVersion = 9.2;
						ProvisioningStyle = Automatic;
						TestTargetID = B536C35E1FDF855300FD886E;
					};
				};
			};
			buildConfigurationList = B536C35A1FDF855300FD886E /* Build configuration list for PBXProject "CallusLogicMobile" */;
			compatibilityVersion = "Xcode 8.0";
			developmentRegion = en;
			hasScannedForEncodings = 0;
			knownRegions = (
				en,
				Base,
			);
			mainGroup = B536C3561FDF855300FD886E;
			productRefGroup = B536C3601FDF855300FD886E /* Products */;
			projectDirPath = "";
			projectRoot = "";
			targets = (
				B536C35E1FDF855300FD886E /* CallusLogicMobile */,
				B536C3721FDF855300FD886E /* CallusLogicMobileTests */,
				B536C37D1FDF855300FD886E /* CallusLogicMobileUITests */,
			);
		};
/* End PBXProject section */

/* Begin PBXResourcesBuildPhase section */
		B536C35D1FDF855300FD886E /* Resources */ = {
			isa = PBXResourcesBuildPhase;
			buildActionMask = 2147483647;
			files = (
				B536C36D1FDF855300FD886E /* LaunchScreen.storyboard in Resources */,
				B536C36A1FDF855300FD886E /* Assets.xcassets in Resources */,
				B536C3681FDF855300FD886E /* Main.storyboard in Resources */,
				B552894F2061BE7C00A27290 /* headerView.xib in Resources */,
			);
			runOnlyForDeploymentPostprocessing = 0;
		};
		B536C3711FDF855300FD886E /* Resources */ = {
			isa = PBXResourcesBuildPhase;
			buildActionMask = 2147483647;
			files = (
			);
			runOnlyForDeploymentPostprocessing = 0;
		};
		B536C37C1FDF855300FD886E /* Resources */ = {
			isa = PBXResourcesBuildPhase;
			buildActionMask = 2147483647;
			files = (
			);
			runOnlyForDeploymentPostprocessing = 0;
		};
/* End PBXResourcesBuildPhase section */

/* Begin PBXShellScriptBuildPhase section */
		9AD740D75730EDE0BBC54AF2 /* [CP] Check Pods Manifest.lock */ = {
			isa = PBXShellScriptBuildPhase;
			buildActionMask = 2147483647;
			files = (
			);
			inputPaths = (
				"${PODS_PODFILE_DIR_PATH}/Podfile.lock",
				"${PODS_ROOT}/Manifest.lock",
			);
			name = "[CP] Check Pods Manifest.lock";
			outputPaths = (
				"$(DERIVED_FILE_DIR)/Pods-CallusLogicMobile-checkManifestLockResult.txt",
			);
			runOnlyForDeploymentPostprocessing = 0;
			shellPath = /bin/sh;
			shellScript = "diff \"${PODS_PODFILE_DIR_PATH}/Podfile.lock\" \"${PODS_ROOT}/Manifest.lock\" > /dev/null\nif [ $? != 0 ] ; then\n    # print error to STDERR\n    echo \"error: The sandbox is not in sync with the Podfile.lock. Run 'pod install' or update your CocoaPods installation.\" >&2\n    exit 1\nfi\n# This output is used by Xcode 'outputs' to avoid re-running this script phase.\necho \"SUCCESS\" > \"${SCRIPT_OUTPUT_FILE_0}\"\n";
			showEnvVarsInLog = 0;
		};
		AE440C16640C07DC03EDD7A1 /* [CP] Embed Pods Frameworks */ = {
			isa = PBXShellScriptBuildPhase;
			buildActionMask = 2147483647;
			files = (
			);
			inputPaths = (
				"${SRCROOT}/Pods/Target Support Files/Pods-CallusLogicMobile/Pods-CallusLogicMobile-frameworks.sh",
				"${BUILT_PRODUCTS_DIR}/SwiftyStoreKit/SwiftyStoreKit.framework",
			);
			name = "[CP] Embed Pods Frameworks";
			outputPaths = (
				"${TARGET_BUILD_DIR}/${FRAMEWORKS_FOLDER_PATH}/SwiftyStoreKit.framework",
			);
			runOnlyForDeploymentPostprocessing = 0;
			shellPath = /bin/sh;
			shellScript = "\"${SRCROOT}/Pods/Target Support Files/Pods-CallusLogicMobile/Pods-CallusLogicMobile-frameworks.sh\"\n";
			showEnvVarsInLog = 0;
		};
/* End PBXShellScriptBuildPhase section */

/* Begin PBXSourcesBuildPhase section */
		B536C35B1FDF855300FD886E /* Sources */ = {
			isa = PBXSourcesBuildPhase;
			buildActionMask = 2147483647;
			files = (
				B5124F20206AC47600E2F814 /* ChordShapeModel.swift in Sources */,
				B5C4CDF12050D31F0006B560 /* FBCollectionStore.swift in Sources */,
				B5E95BC5207564C50017A205 /* UnlockProViewController.swift in Sources */,
				B536C3651FDF855300FD886E /* FBViewController.swift in Sources */,
				B5786ED91FE32D3D00174544 /* FretboardModel.swift in Sources */,
				B5786ED51FE324DE00174544 /* NSString+drawing.swift in Sources */,
				B52DD180204E127A00C7D9B3 /* FBCollectionModel.swift in Sources */,
				B57E51EE206D688300615DD6 /* BasicChordFormulas.swift in Sources */,
				B55D51FB1FE1FBF800CB5F11 /* NoteView.swift in Sources */,
				B5786EDA1FE32D3D00174544 /* NoteModel.swift in Sources */,
				B53F7F9F2075B52E0061E05B /* DetectConnection.swift in Sources */,
				B57E51F0206D6A3900615DD6 /* BasicChordModel.swift in Sources */,
				B536C3631FDF855300FD886E /* AppDelegate.swift in Sources */,
				B5053B6E20827F5A00BCF559 /* FretboardValues.swift in Sources */,
				B5196C9320324101005A018E /* NoteFrequencies.swift in Sources */,
				B59A8D272073E60A00223FC8 /* RootScaleAndDisplaySelections.swift in Sources */,
				B54AFAFF204F3F7E00E8267B /* ScalesTVC.swift in Sources */,
				B55D51F81FE1EE8F00CB5F11 /* RootToIntervalNotes.swift in Sources */,
				B552894B2061869800A27290 /* CollectionsTVC.swift in Sources */,
				B53147202030BEF30022AAC5 /* SixTones.swift in Sources */,
				B5956CDA2065930C00B658A5 /* ChordFormulas.swift in Sources */,
				B52A97B42064538A00E056C3 /* HeaderView.swift in Sources */,
				B55D51F61FE1EE8F00CB5F11 /* Scale.swift in Sources */,
				B5786ED61FE324DE00174544 /* ToneArraysCreator.swift in Sources */,
				B55D51F71FE1EE8F00CB5F11 /* ScalesByIntervals.swift in Sources */,
				B5C8172C2048911900C95F26 /* DisplayMode.swift in Sources */,
				B5EDA618203F598A0012DC79 /* ColorSelectorTVC.swift in Sources */,
				B56EF3F92069636B000AAAAD /* ChordCreator.swift in Sources */,
				B536C3911FDF86A800FD886E /* FretboardView.swift in Sources */,
				B5488B3F207677E60069479E /* ProductStore.swift in Sources */,
			);
			runOnlyForDeploymentPostprocessing = 0;
		};
		B536C36F1FDF855300FD886E /* Sources */ = {
			isa = PBXSourcesBuildPhase;
			buildActionMask = 2147483647;
			files = (
				B536C3781FDF855300FD886E /* CallusLogicMobileTests.swift in Sources */,
			);
			runOnlyForDeploymentPostprocessing = 0;
		};
		B536C37A1FDF855300FD886E /* Sources */ = {
			isa = PBXSourcesBuildPhase;
			buildActionMask = 2147483647;
			files = (
				B536C3831FDF855300FD886E /* CallusLogicMobileUITests.swift in Sources */,
			);
			runOnlyForDeploymentPostprocessing = 0;
		};
/* End PBXSourcesBuildPhase section */

/* Begin PBXTargetDependency section */
		B536C3751FDF855300FD886E /* PBXTargetDependency */ = {
			isa = PBXTargetDependency;
			target = B536C35E1FDF855300FD886E /* CallusLogicMobile */;
			targetProxy = B536C3741FDF855300FD886E /* PBXContainerItemProxy */;
		};
		B536C3801FDF855300FD886E /* PBXTargetDependency */ = {
			isa = PBXTargetDependency;
			target = B536C35E1FDF855300FD886E /* CallusLogicMobile */;
			targetProxy = B536C37F1FDF855300FD886E /* PBXContainerItemProxy */;
		};
/* End PBXTargetDependency section */

/* Begin PBXVariantGroup section */
		B536C3661FDF855300FD886E /* Main.storyboard */ = {
			isa = PBXVariantGroup;
			children = (
				B536C3671FDF855300FD886E /* Base */,
			);
			name = Main.storyboard;
			sourceTree = "<group>";
		};
		B536C36B1FDF855300FD886E /* LaunchScreen.storyboard */ = {
			isa = PBXVariantGroup;
			children = (
				B536C36C1FDF855300FD886E /* Base */,
			);
			name = LaunchScreen.storyboard;
			sourceTree = "<group>";
		};
/* End PBXVariantGroup section */

/* Begin XCBuildConfiguration section */
		B536C3851FDF855300FD886E /* Debug */ = {
			isa = XCBuildConfiguration;
			buildSettings = {
				ALWAYS_SEARCH_USER_PATHS = NO;
				CLANG_ANALYZER_NONNULL = YES;
				CLANG_ANALYZER_NUMBER_OBJECT_CONVERSION = YES_AGGRESSIVE;
				CLANG_CXX_LANGUAGE_STANDARD = "gnu++14";
				CLANG_CXX_LIBRARY = "libc++";
				CLANG_ENABLE_MODULES = YES;
				CLANG_ENABLE_OBJC_ARC = YES;
				CLANG_WARN_BLOCK_CAPTURE_AUTORELEASING = YES;
				CLANG_WARN_BOOL_CONVERSION = YES;
				CLANG_WARN_COMMA = YES;
				CLANG_WARN_CONSTANT_CONVERSION = YES;
				CLANG_WARN_DEPRECATED_OBJC_IMPLEMENTATIONS = YES;
				CLANG_WARN_DIRECT_OBJC_ISA_USAGE = YES_ERROR;
				CLANG_WARN_DOCUMENTATION_COMMENTS = YES;
				CLANG_WARN_EMPTY_BODY = YES;
				CLANG_WARN_ENUM_CONVERSION = YES;
				CLANG_WARN_INFINITE_RECURSION = YES;
				CLANG_WARN_INT_CONVERSION = YES;
				CLANG_WARN_NON_LITERAL_NULL_CONVERSION = YES;
				CLANG_WARN_OBJC_IMPLICIT_RETAIN_SELF = YES;
				CLANG_WARN_OBJC_LITERAL_CONVERSION = YES;
				CLANG_WARN_OBJC_ROOT_CLASS = YES_ERROR;
				CLANG_WARN_RANGE_LOOP_ANALYSIS = YES;
				CLANG_WARN_STRICT_PROTOTYPES = YES;
				CLANG_WARN_SUSPICIOUS_MOVE = YES;
				CLANG_WARN_UNGUARDED_AVAILABILITY = YES_AGGRESSIVE;
				CLANG_WARN_UNREACHABLE_CODE = YES;
				CLANG_WARN__DUPLICATE_METHOD_MATCH = YES;
				CODE_SIGN_IDENTITY = "iPhone Developer";
				COPY_PHASE_STRIP = NO;
				DEBUG_INFORMATION_FORMAT = dwarf;
				ENABLE_STRICT_OBJC_MSGSEND = YES;
				ENABLE_TESTABILITY = YES;
				GCC_C_LANGUAGE_STANDARD = gnu11;
				GCC_DYNAMIC_NO_PIC = NO;
				GCC_NO_COMMON_BLOCKS = YES;
				GCC_OPTIMIZATION_LEVEL = 0;
				GCC_PREPROCESSOR_DEFINITIONS = (
					"DEBUG=1",
					"$(inherited)",
				);
				GCC_WARN_64_TO_32_BIT_CONVERSION = YES;
				GCC_WARN_ABOUT_RETURN_TYPE = YES_ERROR;
				GCC_WARN_UNDECLARED_SELECTOR = YES;
				GCC_WARN_UNINITIALIZED_AUTOS = YES_AGGRESSIVE;
				GCC_WARN_UNUSED_FUNCTION = YES;
				GCC_WARN_UNUSED_VARIABLE = YES;
				IPHONEOS_DEPLOYMENT_TARGET = 11.2;
				MTL_ENABLE_DEBUG_INFO = YES;
				ONLY_ACTIVE_ARCH = YES;
				SDKROOT = iphoneos;
				SWIFT_ACTIVE_COMPILATION_CONDITIONS = DEBUG;
				SWIFT_OPTIMIZATION_LEVEL = "-Onone";
			};
			name = Debug;
		};
		B536C3861FDF855300FD886E /* Release */ = {
			isa = XCBuildConfiguration;
			buildSettings = {
				ALWAYS_SEARCH_USER_PATHS = NO;
				CLANG_ANALYZER_NONNULL = YES;
				CLANG_ANALYZER_NUMBER_OBJECT_CONVERSION = YES_AGGRESSIVE;
				CLANG_CXX_LANGUAGE_STANDARD = "gnu++14";
				CLANG_CXX_LIBRARY = "libc++";
				CLANG_ENABLE_MODULES = YES;
				CLANG_ENABLE_OBJC_ARC = YES;
				CLANG_WARN_BLOCK_CAPTURE_AUTORELEASING = YES;
				CLANG_WARN_BOOL_CONVERSION = YES;
				CLANG_WARN_COMMA = YES;
				CLANG_WARN_CONSTANT_CONVERSION = YES;
				CLANG_WARN_DEPRECATED_OBJC_IMPLEMENTATIONS = YES;
				CLANG_WARN_DIRECT_OBJC_ISA_USAGE = YES_ERROR;
				CLANG_WARN_DOCUMENTATION_COMMENTS = YES;
				CLANG_WARN_EMPTY_BODY = YES;
				CLANG_WARN_ENUM_CONVERSION = YES;
				CLANG_WARN_INFINITE_RECURSION = YES;
				CLANG_WARN_INT_CONVERSION = YES;
				CLANG_WARN_NON_LITERAL_NULL_CONVERSION = YES;
				CLANG_WARN_OBJC_IMPLICIT_RETAIN_SELF = YES;
				CLANG_WARN_OBJC_LITERAL_CONVERSION = YES;
				CLANG_WARN_OBJC_ROOT_CLASS = YES_ERROR;
				CLANG_WARN_RANGE_LOOP_ANALYSIS = YES;
				CLANG_WARN_STRICT_PROTOTYPES = YES;
				CLANG_WARN_SUSPICIOUS_MOVE = YES;
				CLANG_WARN_UNGUARDED_AVAILABILITY = YES_AGGRESSIVE;
				CLANG_WARN_UNREACHABLE_CODE = YES;
				CLANG_WARN__DUPLICATE_METHOD_MATCH = YES;
				CODE_SIGN_IDENTITY = "iPhone Developer";
				COPY_PHASE_STRIP = NO;
				DEBUG_INFORMATION_FORMAT = "dwarf-with-dsym";
				ENABLE_NS_ASSERTIONS = NO;
				ENABLE_STRICT_OBJC_MSGSEND = YES;
				GCC_C_LANGUAGE_STANDARD = gnu11;
				GCC_NO_COMMON_BLOCKS = YES;
				GCC_WARN_64_TO_32_BIT_CONVERSION = YES;
				GCC_WARN_ABOUT_RETURN_TYPE = YES_ERROR;
				GCC_WARN_UNDECLARED_SELECTOR = YES;
				GCC_WARN_UNINITIALIZED_AUTOS = YES_AGGRESSIVE;
				GCC_WARN_UNUSED_FUNCTION = YES;
				GCC_WARN_UNUSED_VARIABLE = YES;
				IPHONEOS_DEPLOYMENT_TARGET = 11.2;
				MTL_ENABLE_DEBUG_INFO = NO;
				SDKROOT = iphoneos;
				SWIFT_OPTIMIZATION_LEVEL = "-Owholemodule";
				VALIDATE_PRODUCT = YES;
			};
			name = Release;
		};
		B536C3881FDF855300FD886E /* Debug */ = {
			isa = XCBuildConfiguration;
			baseConfigurationReference = 2F4694AA6851A91015C6301D /* Pods-CallusLogicMobile.debug.xcconfig */;
			buildSettings = {
				ASSETCATALOG_COMPILER_APPICON_NAME = AppIcon;
				"CODE_SIGN_IDENTITY[sdk=iphoneos*]" = "iPhone Developer";
				CODE_SIGN_STYLE = Automatic;
				DEVELOPMENT_TEAM = EJ3FU9C3NN;
				FRAMEWORK_SEARCH_PATHS = (
					"$(inherited)",
					"$(PROJECT_DIR)",
				);
				INFOPLIST_FILE = CallusLogicMobile/Info.plist;
				IPHONEOS_DEPLOYMENT_TARGET = 11.0;
				LD_RUNPATH_SEARCH_PATHS = "$(inherited) @executable_path/Frameworks";
				PRODUCT_BUNDLE_IDENTIFIER = com.bengire.CallusLogicMobile;
				PRODUCT_NAME = "$(TARGET_NAME)";
				PROVISIONING_PROFILE_SPECIFIER = "";
				SWIFT_VERSION = 4.2;
				TARGETED_DEVICE_FAMILY = 2;
			};
			name = Debug;
		};
		B536C3891FDF855300FD886E /* Release */ = {
			isa = XCBuildConfiguration;
			baseConfigurationReference = 18EA96A61000533821DEB2CC /* Pods-CallusLogicMobile.release.xcconfig */;
			buildSettings = {
				ASSETCATALOG_COMPILER_APPICON_NAME = AppIcon;
				"CODE_SIGN_IDENTITY[sdk=iphoneos*]" = "iPhone Developer";
				CODE_SIGN_STYLE = Automatic;
				DEVELOPMENT_TEAM = EJ3FU9C3NN;
				FRAMEWORK_SEARCH_PATHS = (
					"$(inherited)",
					"$(PROJECT_DIR)",
				);
				INFOPLIST_FILE = CallusLogicMobile/Info.plist;
				IPHONEOS_DEPLOYMENT_TARGET = 11.0;
				LD_RUNPATH_SEARCH_PATHS = "$(inherited) @executable_path/Frameworks";
				PRODUCT_BUNDLE_IDENTIFIER = com.bengire.CallusLogicMobile;
				PRODUCT_NAME = "$(TARGET_NAME)";
				PROVISIONING_PROFILE_SPECIFIER = "";
				SWIFT_VERSION = 4.2;
				TARGETED_DEVICE_FAMILY = 2;
			};
			name = Release;
		};
		B536C38B1FDF855300FD886E /* Debug */ = {
			isa = XCBuildConfiguration;
			buildSettings = {
				ALWAYS_EMBED_SWIFT_STANDARD_LIBRARIES = YES;
				BUNDLE_LOADER = "$(TEST_HOST)";
				CODE_SIGN_STYLE = Automatic;
				INFOPLIST_FILE = CallusLogicMobileTests/Info.plist;
				LD_RUNPATH_SEARCH_PATHS = "$(inherited) @executable_path/Frameworks @loader_path/Frameworks";
				PRODUCT_BUNDLE_IDENTIFIER = com.gire.CallusLogicMobileTests;
				PRODUCT_NAME = "$(TARGET_NAME)";
				SWIFT_VERSION = 4.0;
				TARGETED_DEVICE_FAMILY = "1,2";
				TEST_HOST = "$(BUILT_PRODUCTS_DIR)/CallusLogicMobile.app/CallusLogicMobile";
			};
			name = Debug;
		};
		B536C38C1FDF855300FD886E /* Release */ = {
			isa = XCBuildConfiguration;
			buildSettings = {
				ALWAYS_EMBED_SWIFT_STANDARD_LIBRARIES = YES;
				BUNDLE_LOADER = "$(TEST_HOST)";
				CODE_SIGN_STYLE = Automatic;
				INFOPLIST_FILE = CallusLogicMobileTests/Info.plist;
				LD_RUNPATH_SEARCH_PATHS = "$(inherited) @executable_path/Frameworks @loader_path/Frameworks";
				PRODUCT_BUNDLE_IDENTIFIER = com.gire.CallusLogicMobileTests;
				PRODUCT_NAME = "$(TARGET_NAME)";
				SWIFT_VERSION = 4.0;
				TARGETED_DEVICE_FAMILY = "1,2";
				TEST_HOST = "$(BUILT_PRODUCTS_DIR)/CallusLogicMobile.app/CallusLogicMobile";
			};
			name = Release;
		};
		B536C38E1FDF855300FD886E /* Debug */ = {
			isa = XCBuildConfiguration;
			buildSettings = {
				ALWAYS_EMBED_SWIFT_STANDARD_LIBRARIES = YES;
				CODE_SIGN_STYLE = Automatic;
				INFOPLIST_FILE = CallusLogicMobileUITests/Info.plist;
				LD_RUNPATH_SEARCH_PATHS = "$(inherited) @executable_path/Frameworks @loader_path/Frameworks";
				PRODUCT_BUNDLE_IDENTIFIER = com.gire.CallusLogicMobileUITests;
				PRODUCT_NAME = "$(TARGET_NAME)";
				SWIFT_VERSION = 4.0;
				TARGETED_DEVICE_FAMILY = "1,2";
				TEST_TARGET_NAME = CallusLogicMobile;
			};
			name = Debug;
		};
		B536C38F1FDF855300FD886E /* Release */ = {
			isa = XCBuildConfiguration;
			buildSettings = {
				ALWAYS_EMBED_SWIFT_STANDARD_LIBRARIES = YES;
				CODE_SIGN_STYLE = Automatic;
				INFOPLIST_FILE = CallusLogicMobileUITests/Info.plist;
				LD_RUNPATH_SEARCH_PATHS = "$(inherited) @executable_path/Frameworks @loader_path/Frameworks";
				PRODUCT_BUNDLE_IDENTIFIER = com.gire.CallusLogicMobileUITests;
				PRODUCT_NAME = "$(TARGET_NAME)";
				SWIFT_VERSION = 4.0;
				TARGETED_DEVICE_FAMILY = "1,2";
				TEST_TARGET_NAME = CallusLogicMobile;
			};
			name = Release;
		};
/* End XCBuildConfiguration section */

/* Begin XCConfigurationList section */
		B536C35A1FDF855300FD886E /* Build configuration list for PBXProject "CallusLogicMobile" */ = {
			isa = XCConfigurationList;
			buildConfigurations = (
				B536C3851FDF855300FD886E /* Debug */,
				B536C3861FDF855300FD886E /* Release */,
			);
			defaultConfigurationIsVisible = 0;
			defaultConfigurationName = Release;
		};
		B536C3871FDF855300FD886E /* Build configuration list for PBXNativeTarget "CallusLogicMobile" */ = {
			isa = XCConfigurationList;
			buildConfigurations = (
				B536C3881FDF855300FD886E /* Debug */,
				B536C3891FDF855300FD886E /* Release */,
			);
			defaultConfigurationIsVisible = 0;
			defaultConfigurationName = Release;
		};
		B536C38A1FDF855300FD886E /* Build configuration list for PBXNativeTarget "CallusLogicMobileTests" */ = {
			isa = XCConfigurationList;
			buildConfigurations = (
				B536C38B1FDF855300FD886E /* Debug */,
				B536C38C1FDF855300FD886E /* Release */,
			);
			defaultConfigurationIsVisible = 0;
			defaultConfigurationName = Release;
		};
		B536C38D1FDF855300FD886E /* Build configuration list for PBXNativeTarget "CallusLogicMobileUITests" */ = {
			isa = XCConfigurationList;
			buildConfigurations = (
				B536C38E1FDF855300FD886E /* Debug */,
				B536C38F1FDF855300FD886E /* Release */,
			);
			defaultConfigurationIsVisible = 0;
			defaultConfigurationName = Release;
		};
/* End XCConfigurationList section */
	};
	rootObject = B536C3571FDF855300FD886E /* Project object */;
}
